<?xml version="1.0" encoding="utf-8"?>
<Project ToolsVersion="4.0" xmlns="http://schemas.microsoft.com/developer/msbuild/2003">
  <ItemGroup>
    <Filter Include="Source Files">
      <UniqueIdentifier>{4FC737F1-C7A5-4376-A066-2A32D752A2FF}</UniqueIdentifier>
      <Extensions>cpp;c;cc;cxx;c++;cppm;ixx;def;odl;idl;hpj;bat;asm;asmx</Extensions>
    </Filter>
    <Filter Include="Header Files">
      <UniqueIdentifier>{93995380-89BD-4b04-88EB-625FBE52EBFB}</UniqueIdentifier>
      <Extensions>h;hh;hpp;hxx;h++;hm;inl;inc;ipp;xsd</Extensions>
    </Filter>
    <Filter Include="Resource Files">
      <UniqueIdentifier>{67DA6AB6-F800-4c08-8B7A-83BB121AAD01}</UniqueIdentifier>
      <Extensions>rc;ico;cur;bmp;dlg;rc2;rct;bin;rgs;gif;jpg;jpeg;jpe;resx;tiff;tif;png;wav;mfcribbon-ms</Extensions>
    </Filter>
    <Filter Include="Header Files\MathRound">
      <UniqueIdentifier>{f0a079f6-1f4f-4ba8-b6a1-68ef770b04d2}</UniqueIdentifier>
    </Filter>
    <Filter Include="Header Files\LettersRound">
      <UniqueIdentifier>{ac5246cd-9b60-44b0-9857-6f109fc731dc}</UniqueIdentifier>
    </Filter>
    <Filter Include="Header Files\Shared">
      <UniqueIdentifier>{7de5429c-86ea-4ab5-bcf6-650b7834236d}</UniqueIdentifier>
    </Filter>
  </ItemGroup>
  <ItemGroup>
    <ClCompile Include="Countdown.cpp">
      <Filter>Source Files</Filter>
    </ClCompile>
  </ItemGroup>
  <ItemGroup>
    <ClInclude Include="Game.h">
      <Filter>Header Files</Filter>
    </ClInclude>
    <ClInclude Include="ClosestNumContext.h">
      <Filter>Header Files\MathRound</Filter>
    </ClInclude>
    <ClInclude Include="MathInputReader.h">
      <Filter>Header Files\MathRound</Filter>
    </ClInclude>
    <ClInclude Include="MathRound.h">
      <Filter>Header Files\MathRound</Filter>
    </ClInclude>
    <ClInclude Include="NumberFinder.h">
      <Filter>Header Files\MathRound</Filter>
    </ClInclude>
    <ClInclude Include="OperationContext.h">
      <Filter>Header Files\MathRound</Filter>
    </ClInclude>
    <ClInclude Include="LettersRound.h">
      <Filter>Header Files\LettersRound</Filter>
    </ClInclude>
    <ClInclude Include="RoundAnswer.h">
      <Filter>Header Files\Shared</Filter>
    </ClInclude>
    <ClInclude Include="Round.h">
      <Filter>Header Files\Shared</Filter>
    </ClInclude>
    <ClInclude Include="MGHelperFunctions.h">
      <Filter>Header Files\Shared</Filter>
    </ClInclude>
  </ItemGroup>
</Project>